
Microsoft Visual Studio Solution File, Format Version 12.00
# Visual Studio Version 17
VisualStudioVersion = 17.14.37516.0 d17.14
MinimumVisualStudioVersion = 10.0.40219.1
Project("{FAE04EC0-301F-11D3-BF4B-00C04F79EFBC}") = "Delta_team", "Delta_team.csproj", "{3C8CD71D-B1AB-43E5-A7EE-052A174E2EF3}"
EndProject
Global
	GlobalSection(SolutionConfigurationPlatforms) = preSolution
		Debug|Any CPU = Debug|Any CPU
		Release|Any CPU = Release|Any CPU
	EndGlobalSection
	GlobalSection(ProjectConfigurationPlatforms) = postSolution
		{3C8CD71D-B1AB-43E5-A7EE-052A174E2EF3}.Debug|Any CPU.ActiveCfg = Debug|Any CPU
		{3C8CD71D-B1AB-43E5-A7EE-052A174E2EF3}.Debug|Any CPU.Build.0 = Debug|Any CPU
		{3C8CD71D-B1AB-43E5-A7EE-052A174E2EF3}.Release|Any CPU.ActiveCfg = Release|Any CPU
		{3C8CD71D-B1AB-43E5-A7EE-052A174E2EF3}.Release|Any CPU.Build.0 = Release|Any CPU
	EndGlobalSection
	GlobalSection(SolutionProperties) = preSolution
		HideSolutionNode = FALSE
	EndGlobalSection
	GlobalSection(ExtensibilityGlobals) = postSolution
		SolutionGuid = {0FE963E0-49C1-444D-8DF9-E2C879D756B6}
	EndGlobalSection
EndGlobal
